
Microsoft Visual Studio Solution File, Format Version 12.00
# Visual Studio Version 16
VisualStudioVersion = 16.0.31624.102
MinimumVisualStudioVersion = 10.0.40219.1
Project("{FAE04EC0-301F-11D3-BF4B-00C04F79EFBC}") = "fileSystem", "fileSystem\fileSystem.csproj", "{FC6F916E-EFB8-4112-8E9F-46BCFE607BCF}"
EndProject
Global
	GlobalSection(SolutionConfigurationPlatforms) = preSolution
		Debug|Any CPU = Debug|Any CPU
		Release|Any CPU = Release|Any CPU
	EndGlobalSection
	GlobalSection(ProjectConfigurationPlatforms) = postSolution
		{FC6F916E-EFB8-4112-8E9F-46BCFE607BCF}.Debug|Any CPU.ActiveCfg = Debug|Any CPU
		{FC6F916E-EFB8-4112-8E9F-46BCFE607BCF}.Debug|Any CPU.Build.0 = Debug|Any CPU
		{FC6F916E-EFB8-4112-8E9F-46BCFE607BCF}.Release|Any CPU.ActiveCfg = Release|Any CPU
		{FC6F916E-EFB8-4112-8E9F-46BCFE607BCF}.Release|Any CPU.Build.0 = Release|Any CPU
	EndGlobalSection
	GlobalSection(SolutionProperties) = preSolution
		HideSolutionNode = FALSE
	EndGlobalSection
	GlobalSection(ExtensibilityGlobals) = postSolution
		SolutionGuid = {F1C928E6-BA1B-4D25-853A-D2B853C03145}
	EndGlobalSection
EndGlobal
